
Microsoft Visual Studio Solution File, Format Version 11.00
# Visual Studio 2010
Project("{FAE04EC0-301F-11D3-BF4B-00C04F79EFBC}") = "tBetting", "tBetting\tBetting.csproj", "{AFAD2F7A-C017-402A-B124-14824BCD7450}"
EndProject
Global
	GlobalSection(SolutionConfigurationPlatforms) = preSolution
		Debug|Any CPU = Debug|Any CPU
		Release|Any CPU = Release|Any CPU
	EndGlobalSection
	GlobalSection(ProjectConfigurationPlatforms) = postSolution
		{AFAD2F7A-C017-402A-B124-14824BCD7450}.Debug|Any CPU.ActiveCfg = Debug|Any CPU
		{AFAD2F7A-C017-402A-B124-14824BCD7450}.Debug|Any CPU.Build.0 = Debug|Any CPU
		{AFAD2F7A-C017-402A-B124-14824BCD7450}.Release|Any CPU.ActiveCfg = Release|Any CPU
		{AFAD2F7A-C017-402A-B124-14824BCD7450}.Release|Any CPU.Build.0 = Release|Any CPU
	EndGlobalSection
	GlobalSection(SolutionProperties) = preSolution
		HideSolutionNode = FALSE
	EndGlobalSection
EndGlobal
